
Microsoft Visual Studio Solution File, Format Version 12.00
# Visual Studio Version 17
VisualStudioVersion = 17.7.34031.279
MinimumVisualStudioVersion = 10.0.40219.1
Project("{888888A0-9F3D-457C-B088-3A5042F75D52}") = "PRACTICA10 EN PYTHON", "PRACTICA10 EN PYTHON\PRACTICA10 EN PYTHON.pyproj", "{33015C37-985B-4DAC-9B59-900AF5C823E8}"
EndProject
Global
	GlobalSection(SolutionConfigurationPlatforms) = preSolution
		Debug|Any CPU = Debug|Any CPU
		Release|Any CPU = Release|Any CPU
	EndGlobalSection
	GlobalSection(ProjectConfigurationPlatforms) = postSolution
		{33015C37-985B-4DAC-9B59-900AF5C823E8}.Debug|Any CPU.ActiveCfg = Debug|Any CPU
		{33015C37-985B-4DAC-9B59-900AF5C823E8}.Release|Any CPU.ActiveCfg = Release|Any CPU
	EndGlobalSection
	GlobalSection(SolutionProperties) = preSolution
		HideSolutionNode = FALSE
	EndGlobalSection
	GlobalSection(ExtensibilityGlobals) = postSolution
		SolutionGuid = {633C4AE4-C337-44AE-B78A-99DD8DA8953A}
	EndGlobalSection
EndGlobal
